// !$*UTF8*$!
{
	archiveVersion = 1;
	classes = {
	};
	objectVersion = 55;
	objects = {

/* Begin PBXBuildFile section */
		4A4273362862401D00F77CCA /* AppDelegate.swift in Sources */ = {isa = PBXBuildFile; fileRef = 4A4273352862401D00F77CCA /* AppDelegate.swift */; };
		4A4273382862401D00F77CCA /* SceneDelegate.swift in Sources */ = {isa = PBXBuildFile; fileRef = 4A4273372862401D00F77CCA /* SceneDelegate.swift */; };
		4A42733A2862401D00F77CCA /* ViewController.swift in Sources */ = {isa = PBXBuildFile; fileRef = 4A4273392862401D00F77CCA /* ViewController.swift */; };
		4A42733D2862401D00F77CCA /* Main.storyboard in Resources */ = {isa = PBXBuildFile; fileRef = 4A42733B2862401D00F77CCA /* Main.storyboard */; };
		4A42733F2862401E00F77CCA /* Assets.xcassets in Resources */ = {isa = PBXBuildFile; fileRef = 4A42733E2862401E00F77CCA /* Assets.xcassets */; };
		4A4273422862401E00F77CCA /* LaunchScreen.storyboard in Resources */ = {isa = PBXBuildFile; fileRef = 4A4273402862401E00F77CCA /* LaunchScreen.storyboard */; };
		4A42734D2862401E00F77CCA /* CoinCapTests.swift in Sources */ = {isa = PBXBuildFile; fileRef = 4A42734C2862401E00F77CCA /* CoinCapTests.swift */; };
		4A4273572862401E00F77CCA /* CoinCapUITests.swift in Sources */ = {isa = PBXBuildFile; fileRef = 4A4273562862401E00F77CCA /* CoinCapUITests.swift */; };
		4A4273592862401E00F77CCA /* CoinCapUITestsLaunchTests.swift in Sources */ = {isa = PBXBuildFile; fileRef = 4A4273582862401E00F77CCA /* CoinCapUITestsLaunchTests.swift */; };
		4A4273692862405400F77CCA /* Coin.swift in Sources */ = {isa = PBXBuildFile; fileRef = 4A4273682862405400F77CCA /* Coin.swift */; };
		4A42736B286242B000F77CCA /* UrlSessionApi.swift in Sources */ = {isa = PBXBuildFile; fileRef = 4A42736A286242B000F77CCA /* UrlSessionApi.swift */; };
		4A99944A28638E14005E44CA /* CoinCell.swift in Sources */ = {isa = PBXBuildFile; fileRef = 4A99944928638E14005E44CA /* CoinCell.swift */; };
/* End PBXBuildFile section */

/* Begin PBXContainerItemProxy section */
		4A4273492862401E00F77CCA /* PBXContainerItemProxy */ = {
			isa = PBXContainerItemProxy;
			containerPortal = 4A42732A2862401D00F77CCA /* Project object */;
			proxyType = 1;
			remoteGlobalIDString = 4A4273312862401D00F77CCA;
			remoteInfo = CoinCap;
		};
		4A4273532862401E00F77CCA /* PBXContainerItemProxy */ = {
			isa = PBXContainerItemProxy;
			containerPortal = 4A42732A2862401D00F77CCA /* Project object */;
			proxyType = 1;
			remoteGlobalIDString = 4A4273312862401D00F77CCA;
			remoteInfo = CoinCap;
		};
/* End PBXContainerItemProxy section */

/* Begin PBXFileReference section */
		4A4273322862401D00F77CCA /* CoinCap.app */ = {isa = PBXFileReference; explicitFileType = wrapper.application; includeInIndex = 0; path = CoinCap.app; sourceTree = BUILT_PRODUCTS_DIR; };
		4A4273352862401D00F77CCA /* AppDelegate.swift */ = {isa = PBXFileReference; lastKnownFileType = sourcecode.swift; path = AppDelegate.swift; sourceTree = "<group>"; };
		4A4273372862401D00F77CCA /* SceneDelegate.swift */ = {isa = PBXFileReference; lastKnownFileType = sourcecode.swift; path = SceneDelegate.swift; sourceTree = "<group>"; };
		4A4273392862401D00F77CCA /* ViewController.swift */ = {isa = PBXFileReference; lastKnownFileType = sourcecode.swift; path = ViewController.swift; sourceTree = "<group>"; };
		4A42733C2862401D00F77CCA /* Base */ = {isa = PBXFileReference; lastKnownFileType = file.storyboard; name = Base; path = Base.lproj/Main.storyboard; sourceTree = "<group>"; };
		4A42733E2862401E00F77CCA /* Assets.xcassets */ = {isa = PBXFileReference; lastKnownFileType = folder.assetcatalog; path = Assets.xcassets; sourceTree = "<group>"; };
		4A4273412862401E00F77CCA /* Base */ = {isa = PBXFileReference; lastKnownFileType = file.storyboard; name = Base; path = Base.lproj/LaunchScreen.storyboard; sourceTree = "<group>"; };
		4A4273432862401E00F77CCA /* Info.plist */ = {isa = PBXFileReference; lastKnownFileType = text.plist.xml; path = Info.plist; sourceTree = "<group>"; };
		4A4273482862401E00F77CCA /* CoinCapTests.xctest */ = {isa = PBXFileReference; explicitFileType = wrapper.cfbundle; includeInIndex = 0; path = CoinCapTests.xctest; sourceTree = BUILT_PRODUCTS_DIR; };
		4A42734C2862401E00F77CCA /* CoinCapTests.swift */ = {isa = PBXFileReference; lastKnownFileType = sourcecode.swift; path = CoinCapTests.swift; sourceTree = "<group>"; };
		4A4273522862401E00F77CCA /* CoinCapUITests.xctest */ = {isa = PBXFileReference; explicitFileType = wrapper.cfbundle; includeInIndex = 0; path = CoinCapUITests.xctest; sourceTree = BUILT_PRODUCTS_DIR; };
		4A4273562862401E00F77CCA /* CoinCapUITests.swift */ = {isa = PBXFileReference; lastKnownFileType = sourcecode.swift; path = CoinCapUITests.swift; sourceTree = "<group>"; };
		4A4273582862401E00F77CCA /* CoinCapUITestsLaunchTests.swift */ = {isa = PBXFileReference; lastKnownFileType = sourcecode.swift; path = CoinCapUITestsLaunchTests.swift; sourceTree = "<group>"; };
		4A4273682862405400F77CCA /* Coin.swift */ = {isa = PBXFileReference; lastKnownFileType = sourcecode.swift; path = Coin.swift; sourceTree = "<group>"; };
		4A42736A286242B000F77CCA /* UrlSessionApi.swift */ = {isa = PBXFileReference; lastKnownFileType = sourcecode.swift; path = UrlSessionApi.swift; sourceTree = "<group>"; };
		4A99944928638E14005E44CA /* CoinCell.swift */ = {isa = PBXFileReference; lastKnownFileType = sourcecode.swift; path = CoinCell.swift; sourceTree = "<group>"; };
/* End PBXFileReference section */

/* Begin PBXFrameworksBuildPhase section */
		4A42732F2862401D00F77CCA /* Frameworks */ = {
			isa = PBXFrameworksBuildPhase;
			buildActionMask = 2147483647;
			files = (
			);
			runOnlyForDeploymentPostprocessing = 0;
		};
		4A4273452862401E00F77CCA /* Frameworks */ = {
			isa = PBXFrameworksBuildPhase;
			buildActionMask = 2147483647;
			files = (
			);
			runOnlyForDeploymentPostprocessing = 0;
		};
		4A42734F2862401E00F77CCA /* Frameworks */ = {
			isa = PBXFrameworksBuildPhase;
			buildActionMask = 2147483647;
			files = (
			);
			runOnlyForDeploymentPostprocessing = 0;
		};
/* End PBXFrameworksBuildPhase section */

/* Begin PBXGroup section */
		4A2F3ADA28634FBB00A159F9 /* Controller */ = {
			isa = PBXGroup;
			children = (
				4A4273392862401D00F77CCA /* ViewController.swift */,
			);
			path = Controller;
			sourceTree = "<group>";
		};
		4A4273292862401D00F77CCA = {
			isa = PBXGroup;
			children = (
				4A4273342862401D00F77CCA /* CoinCap */,
				4A42734B2862401E00F77CCA /* CoinCapTests */,
				4A4273552862401E00F77CCA /* CoinCapUITests */,
				4A4273332862401D00F77CCA /* Products */,
			);
			sourceTree = "<group>";
		};
		4A4273332862401D00F77CCA /* Products */ = {
			isa = PBXGroup;
			children = (
				4A4273322862401D00F77CCA /* CoinCap.app */,
				4A4273482862401E00F77CCA /* CoinCapTests.xctest */,
				4A4273522862401E00F77CCA /* CoinCapUITests.xctest */,
			);
			name = Products;
			sourceTree = "<group>";
		};
		4A4273342862401D00F77CCA /* CoinCap */ = {
			isa = PBXGroup;
			children = (
				4A9994442863812E005E44CA /* Cell */,
				4A2F3ADA28634FBB00A159F9 /* Controller */,
				4A4273672862404100F77CCA /* ViewModel */,
				4A4273662862403400F77CCA /* View */,
				4A4273652862402E00F77CCA /* Model */,
				4A4273352862401D00F77CCA /* AppDelegate.swift */,
				4A4273372862401D00F77CCA /* SceneDelegate.swift */,
				4A42733E2862401E00F77CCA /* Assets.xcassets */,
				4A4273402862401E00F77CCA /* LaunchScreen.storyboard */,
				4A4273432862401E00F77CCA /* Info.plist */,
			);
			path = CoinCap;
			sourceTree = "<group>";
		};
		4A42734B2862401E00F77CCA /* CoinCapTests */ = {
			isa = PBXGroup;
			children = (
				4A42734C2862401E00F77CCA /* CoinCapTests.swift */,
			);
			path = CoinCapTests;
			sourceTree = "<group>";
		};
		4A4273552862401E00F77CCA /* CoinCapUITests */ = {
			isa = PBXGroup;
			children = (
				4A4273562862401E00F77CCA /* CoinCapUITests.swift */,
				4A4273582862401E00F77CCA /* CoinCapUITestsLaunchTests.swift */,
			);
			path = CoinCapUITests;
			sourceTree = "<group>";
		};
		4A4273652862402E00F77CCA /* Model */ = {
			isa = PBXGroup;
			children = (
				4A4273682862405400F77CCA /* Coin.swift */,
			);
			path = Model;
			sourceTree = "<group>";
		};
		4A4273662862403400F77CCA /* View */ = {
			isa = PBXGroup;
			children = (
				4A42733B2862401D00F77CCA /* Main.storyboard */,
			);
			path = View;
			sourceTree = "<group>";
		};
		4A4273672862404100F77CCA /* ViewModel */ = {
			isa = PBXGroup;
			children = (
				4A42736A286242B000F77CCA /* UrlSessionApi.swift */,
			);
			path = ViewModel;
			sourceTree = "<group>";
		};
		4A9994442863812E005E44CA /* Cell */ = {
			isa = PBXGroup;
			children = (
				4A99944928638E14005E44CA /* CoinCell.swift */,
			);
			path = Cell;
			sourceTree = "<group>";
		};
/* End PBXGroup section */

/* Begin PBXNativeTarget section */
		4A4273312862401D00F77CCA /* CoinCap */ = {
			isa = PBXNativeTarget;
			buildConfigurationList = 4A42735C2862401E00F77CCA /* Build configuration list for PBXNativeTarget "CoinCap" */;
			buildPhases = (
				4A42732E2862401D00F77CCA /* Sources */,
				4A42732F2862401D00F77CCA /* Frameworks */,
				4A4273302862401D00F77CCA /* Resources */,
			);
			buildRules = (
			);
			dependencies = (
			);
			name = CoinCap;
			productName = CoinCap;
			productReference = 4A4273322862401D00F77CCA /* CoinCap.app */;
			productType = "com.apple.product-type.application";
		};
		4A4273472862401E00F77CCA /* CoinCapTests */ = {
			isa = PBXNativeTarget;
			buildConfigurationList = 4A42735F2862401E00F77CCA /* Build configuration list for PBXNativeTarget "CoinCapTests" */;
			buildPhases = (
				4A4273442862401E00F77CCA /* Sources */,
				4A4273452862401E00F77CCA /* Frameworks */,
				4A4273462862401E00F77CCA /* Resources */,
			);
			buildRules = (
			);
			dependencies = (
				4A42734A2862401E00F77CCA /* PBXTargetDependency */,
			);
			name = CoinCapTests;
			productName = CoinCapTests;
			productReference = 4A4273482862401E00F77CCA /* CoinCapTests.xctest */;
			productType = "com.apple.product-type.bundle.unit-test";
		};
		4A4273512862401E00F77CCA /* CoinCapUITests */ = {
			isa = PBXNativeTarget;
			buildConfigurationList = 4A4273622862401E00F77CCA /* Build configuration list for PBXNativeTarget "CoinCapUITests" */;
			buildPhases = (
				4A42734E2862401E00F77CCA /* Sources */,
				4A42734F2862401E00F77CCA /* Frameworks */,
				4A4273502862401E00F77CCA /* Resources */,
			);
			buildRules = (
			);
			dependencies = (
				4A4273542862401E00F77CCA /* PBXTargetDependency */,
			);
			name = CoinCapUITests;
			productName = CoinCapUITests;
			productReference = 4A4273522862401E00F77CCA /* CoinCapUITests.xctest */;
			productType = "com.apple.product-type.bundle.ui-testing";
		};
/* End PBXNativeTarget section */

/* Begin PBXProject section */
		4A42732A2862401D00F77CCA /* Project object */ = {
			isa = PBXProject;
			attributes = {
				BuildIndependentTargetsInParallel = 1;
				LastSwiftUpdateCheck = 1340;
				LastUpgradeCheck = 1340;
				TargetAttributes = {
					4A4273312862401D00F77CCA = {
						CreatedOnToolsVersion = 13.4.1;
					};
					4A4273472862401E00F77CCA = {
						CreatedOnToolsVersion = 13.4.1;
						TestTargetID = 4A4273312862401D00F77CCA;
					};
					4A4273512862401E00F77CCA = {
						CreatedOnToolsVersion = 13.4.1;
						TestTargetID = 4A4273312862401D00F77CCA;
					};
				};
			};
			buildConfigurationList = 4A42732D2862401D00F77CCA /* Build configuration list for PBXProject "CoinCap" */;
			compatibilityVersion = "Xcode 13.0";
			developmentRegion = en;
			hasScannedForEncodings = 0;
			knownRegions = (
				en,
				Base,
			);
			mainGroup = 4A4273292862401D00F77CCA;
			productRefGroup = 4A4273332862401D00F77CCA /* Products */;
			projectDirPath = "";
			projectRoot = "";
			targets = (
				4A4273312862401D00F77CCA /* CoinCap */,
				4A4273472862401E00F77CCA /* CoinCapTests */,
				4A4273512862401E00F77CCA /* CoinCapUITests */,
			);
		};
/* End PBXProject section */

/* Begin PBXResourcesBuildPhase section */
		4A4273302862401D00F77CCA /* Resources */ = {
			isa = PBXResourcesBuildPhase;
			buildActionMask = 2147483647;
			files = (
				4A4273422862401E00F77CCA /* LaunchScreen.storyboard in Resources */,
				4A42733F2862401E00F77CCA /* Assets.xcassets in Resources */,
				4A42733D2862401D00F77CCA /* Main.storyboard in Resources */,
			);
			runOnlyForDeploymentPostprocessing = 0;
		};
		4A4273462862401E00F77CCA /* Resources */ = {
			isa = PBXResourcesBuildPhase;
			buildActionMask = 2147483647;
			files = (
			);
			runOnlyForDeploymentPostprocessing = 0;
		};
		4A4273502862401E00F77CCA /* Resources */ = {
			isa = PBXResourcesBuildPhase;
			buildActionMask = 2147483647;
			files = (
			);
			runOnlyForDeploymentPostprocessing = 0;
		};
/* End PBXResourcesBuildPhase section */

/* Begin PBXSourcesBuildPhase section */
		4A42732E2862401D00F77CCA /* Sources */ = {
			isa = PBXSourcesBuildPhase;
			buildActionMask = 2147483647;
			files = (
				4A42733A2862401D00F77CCA /* ViewController.swift in Sources */,
				4A42736B286242B000F77CCA /* UrlSessionApi.swift in Sources */,
				4A4273362862401D00F77CCA /* AppDelegate.swift in Sources */,
				4A99944A28638E14005E44CA /* CoinCell.swift in Sources */,
				4A4273692862405400F77CCA /* Coin.swift in Sources */,
				4A4273382862401D00F77CCA /* SceneDelegate.swift in Sources */,
			);
			runOnlyForDeploymentPostprocessing = 0;
		};
		4A4273442862401E00F77CCA /* Sources */ = {
			isa = PBXSourcesBuildPhase;
			buildActionMask = 2147483647;
			files = (
				4A42734D2862401E00F77CCA /* CoinCapTests.swift in Sources */,
			);
			runOnlyForDeploymentPostprocessing = 0;
		};
		4A42734E2862401E00F77CCA /* Sources */ = {
			isa = PBXSourcesBuildPhase;
			buildActionMask = 2147483647;
			files = (
				4A4273592862401E00F77CCA /* CoinCapUITestsLaunchTests.swift in Sources */,
				4A4273572862401E00F77CCA /* CoinCapUITests.swift in Sources */,
			);
			runOnlyForDeploymentPostprocessing = 0;
		};
/* End PBXSourcesBuildPhase section */

/* Begin PBXTargetDependency section */
		4A42734A2862401E00F77CCA /* PBXTargetDependency */ = {
			isa = PBXTargetDependency;
			target = 4A4273312862401D00F77CCA /* CoinCap */;
			targetProxy = 4A4273492862401E00F77CCA /* PBXContainerItemProxy */;
		};
		4A4273542862401E00F77CCA /* PBXTargetDependency */ = {
			isa = PBXTargetDependency;
			target = 4A4273312862401D00F77CCA /* CoinCap */;
			targetProxy = 4A4273532862401E00F77CCA /* PBXContainerItemProxy */;
		};
/* End PBXTargetDependency section */

/* Begin PBXVariantGroup section */
		4A42733B2862401D00F77CCA /* Main.storyboard */ = {
			isa = PBXVariantGroup;
			children = (
				4A42733C2862401D00F77CCA /* Base */,
			);
			name = Main.storyboard;
			sourceTree = "<group>";
		};
		4A4273402862401E00F77CCA /* LaunchScreen.storyboard */ = {
			isa = PBXVariantGroup;
			children = (
				4A4273412862401E00F77CCA /* Base */,
			);
			name = LaunchScreen.storyboard;
			sourceTree = "<group>";
		};
/* End PBXVariantGroup section */

/* Begin XCBuildConfiguration section */
		4A42735A2862401E00F77CCA /* Debug */ = {
			isa = XCBuildConfiguration;
			buildSettings = {
				ALWAYS_SEARCH_USER_PATHS = NO;
				CLANG_ANALYZER_NONNULL = YES;
				CLANG_ANALYZER_NUMBER_OBJECT_CONVERSION = YES_AGGRESSIVE;
				CLANG_CXX_LANGUAGE_STANDARD = "gnu++17";
				CLANG_ENABLE_MODULES = YES;
				CLANG_ENABLE_OBJC_ARC = YES;
				CLANG_ENABLE_OBJC_WEAK = YES;
				CLANG_WARN_BLOCK_CAPTURE_AUTORELEASING = YES;
				CLANG_WARN_BOOL_CONVERSION = YES;
				CLANG_WARN_COMMA = YES;
				CLANG_WARN_CONSTANT_CONVERSION = YES;
				CLANG_WARN_DEPRECATED_OBJC_IMPLEMENTATIONS = YES;
				CLANG_WARN_DIRECT_OBJC_ISA_USAGE = YES_ERROR;
				CLANG_WARN_DOCUMENTATION_COMMENTS = YES;
				CLANG_WARN_EMPTY_BODY = YES;
				CLANG_WARN_ENUM_CONVERSION = YES;
				CLANG_WARN_INFINITE_RECURSION = YES;
				CLANG_WARN_INT_CONVERSION = YES;
				CLANG_WARN_NON_LITERAL_NULL_CONVERSION = YES;
				CLANG_WARN_OBJC_IMPLICIT_RETAIN_SELF = YES;
				CLANG_WARN_OBJC_LITERAL_CONVERSION = YES;
				CLANG_WARN_OBJC_ROOT_CLASS = YES_ERROR;
				CLANG_WARN_QUOTED_INCLUDE_IN_FRAMEWORK_HEADER = YES;
				CLANG_WARN_RANGE_LOOP_ANALYSIS = YES;
				CLANG_WARN_STRICT_PROTOTYPES = YES;
				CLANG_WARN_SUSPICIOUS_MOVE = YES;
				CLANG_WARN_UNGUARDED_AVAILABILITY = YES_AGGRESSIVE;
				CLANG_WARN_UNREACHABLE_CODE = YES;
				CLANG_WARN__DUPLICATE_METHOD_MATCH = YES;
				COPY_PHASE_STRIP = NO;
				DEBUG_INFORMATION_FORMAT = dwarf;
				ENABLE_STRICT_OBJC_MSGSEND = YES;
				ENABLE_TESTABILITY = YES;
				GCC_C_LANGUAGE_STANDARD = gnu11;
				GCC_DYNAMIC_NO_PIC = NO;
				GCC_NO_COMMON_BLOCKS = YES;
				GCC_OPTIMIZATION_LEVEL = 0;
				GCC_PREPROCESSOR_DEFINITIONS = (
					"DEBUG=1",
					"$(inherited)",
				);
				GCC_WARN_64_TO_32_BIT_CONVERSION = YES;
				GCC_WARN_ABOUT_RETURN_TYPE = YES_ERROR;
				GCC_WARN_UNDECLARED_SELECTOR = YES;
				GCC_WARN_UNINITIALIZED_AUTOS = YES_AGGRESSIVE;
				GCC_WARN_UNUSED_FUNCTION = YES;
				GCC_WARN_UNUSED_VARIABLE = YES;
				IPHONEOS_DEPLOYMENT_TARGET = 15.5;
				MTL_ENABLE_DEBUG_INFO = INCLUDE_SOURCE;
				MTL_FAST_MATH = YES;
				ONLY_ACTIVE_ARCH = YES;
				SDKROOT = iphoneos;
				SWIFT_ACTIVE_COMPILATION_CONDITIONS = DEBUG;
				SWIFT_OPTIMIZATION_LEVEL = "-Onone";
			};
			name = Debug;
		};
		4A42735B2862401E00F77CCA /* Release */ = {
			isa = XCBuildConfiguration;
			buildSettings = {
				ALWAYS_SEARCH_USER_PATHS = NO;
				CLANG_ANALYZER_NONNULL = YES;
				CLANG_ANALYZER_NUMBER_OBJECT_CONVERSION = YES_AGGRESSIVE;
				CLANG_CXX_LANGUAGE_STANDARD = "gnu++17";
				CLANG_ENABLE_MODULES = YES;
				CLANG_ENABLE_OBJC_ARC = YES;
				CLANG_ENABLE_OBJC_WEAK = YES;
				CLANG_WARN_BLOCK_CAPTURE_AUTORELEASING = YES;
				CLANG_WARN_BOOL_CONVERSION = YES;
				CLANG_WARN_COMMA = YES;
				CLANG_WARN_CONSTANT_CONVERSION = YES;
				CLANG_WARN_DEPRECATED_OBJC_IMPLEMENTATIONS = YES;
				CLANG_WARN_DIRECT_OBJC_ISA_USAGE = YES_ERROR;
				CLANG_WARN_DOCUMENTATION_COMMENTS = YES;
				CLANG_WARN_EMPTY_BODY = YES;
				CLANG_WARN_ENUM_CONVERSION = YES;
				CLANG_WARN_INFINITE_RECURSION = YES;
				CLANG_WARN_INT_CONVERSION = YES;
				CLANG_WARN_NON_LITERAL_NULL_CONVERSION = YES;
				CLANG_WARN_OBJC_IMPLICIT_RETAIN_SELF = YES;
				CLANG_WARN_OBJC_LITERAL_CONVERSION = YES;
				CLANG_WARN_OBJC_ROOT_CLASS = YES_ERROR;
				CLANG_WARN_QUOTED_INCLUDE_IN_FRAMEWORK_HEADER = YES;
				CLANG_WARN_RANGE_LOOP_ANALYSIS = YES;
				CLANG_WARN_STRICT_PROTOTYPES = YES;
				CLANG_WARN_SUSPICIOUS_MOVE = YES;
				CLANG_WARN_UNGUARDED_AVAILABILITY = YES_AGGRESSIVE;
				CLANG_WARN_UNREACHABLE_CODE = YES;
				CLANG_WARN__DUPLICATE_METHOD_MATCH = YES;
				COPY_PHASE_STRIP = NO;
				DEBUG_INFORMATION_FORMAT = "dwarf-with-dsym";
				ENABLE_NS_ASSERTIONS = NO;
				ENABLE_STRICT_OBJC_MSGSEND = YES;
				GCC_C_LANGUAGE_STANDARD = gnu11;
				GCC_NO_COMMON_BLOCKS = YES;
				GCC_WARN_64_TO_32_BIT_CONVERSION = YES;
				GCC_WARN_ABOUT_RETURN_TYPE = YES_ERROR;
				GCC_WARN_UNDECLARED_SELECTOR = YES;
				GCC_WARN_UNINITIALIZED_AUTOS = YES_AGGRESSIVE;
				GCC_WARN_UNUSED_FUNCTION = YES;
				GCC_WARN_UNUSED_VARIABLE = YES;
				IPHONEOS_DEPLOYMENT_TARGET = 15.5;
				MTL_ENABLE_DEBUG_INFO = NO;
				MTL_FAST_MATH = YES;
				SDKROOT = iphoneos;
				SWIFT_COMPILATION_MODE = wholemodule;
				SWIFT_OPTIMIZATION_LEVEL = "-O";
				VALIDATE_PRODUCT = YES;
			};
			name = Release;
		};
		4A42735D2862401E00F77CCA /* Debug */ = {
			isa = XCBuildConfiguration;
			buildSettings = {
				ASSETCATALOG_COMPILER_APPICON_NAME = AppIcon;
				ASSETCATALOG_COMPILER_GLOBAL_ACCENT_COLOR_NAME = AccentColor;
				CODE_SIGN_STYLE = Automatic;
				CURRENT_PROJECT_VERSION = 1;
				GENERATE_INFOPLIST_FILE = YES;
				INFOPLIST_FILE = CoinCap/Info.plist;
				INFOPLIST_KEY_UIApplicationSupportsIndirectInputEvents = YES;
				INFOPLIST_KEY_UILaunchStoryboardName = LaunchScreen;
				INFOPLIST_KEY_UIMainStoryboardFile = Main;
				INFOPLIST_KEY_UISupportedInterfaceOrientations_iPad = "UIInterfaceOrientationPortrait UIInterfaceOrientationPortraitUpsideDown UIInterfaceOrientationLandscapeLeft UIInterfaceOrientationLandscapeRight";
				INFOPLIST_KEY_UISupportedInterfaceOrientations_iPhone = "UIInterfaceOrientationPortrait UIInterfaceOrientationLandscapeLeft UIInterfaceOrientationLandscapeRight";
				LD_RUNPATH_SEARCH_PATHS = (
					"$(inherited)",
					"@executable_path/Frameworks",
				);
				MARKETING_VERSION = 1.0;
				PRODUCT_BUNDLE_IDENTIFIER = ms.CoinCap;
				PRODUCT_NAME = "$(TARGET_NAME)";
				SWIFT_EMIT_LOC_STRINGS = YES;
				SWIFT_VERSION = 5.0;
				TARGETED_DEVICE_FAMILY = "1,2";
			};
			name = Debug;
		};
		4A42735E2862401E00F77CCA /* Release */ = {
			isa = XCBuildConfiguration;
			buildSettings = {
				ASSETCATALOG_COMPILER_APPICON_NAME = AppIcon;
				ASSETCATALOG_COMPILER_GLOBAL_ACCENT_COLOR_NAME = AccentColor;
				CODE_SIGN_STYLE = Automatic;
				CURRENT_PROJECT_VERSION = 1;
				GENERATE_INFOPLIST_FILE = YES;
				INFOPLIST_FILE = CoinCap/Info.plist;
				INFOPLIST_KEY_UIApplicationSupportsIndirectInputEvents = YES;
				INFOPLIST_KEY_UILaunchStoryboardName = LaunchScreen;
				INFOPLIST_KEY_UIMainStoryboardFile = Main;
				INFOPLIST_KEY_UISupportedInterfaceOrientations_iPad = "UIInterfaceOrientationPortrait UIInterfaceOrientationPortraitUpsideDown UIInterfaceOrientationLandscapeLeft UIInterfaceOrientationLandscapeRight";
				INFOPLIST_KEY_UISupportedInterfaceOrientations_iPhone = "UIInterfaceOrientationPortrait UIInterfaceOrientationLandscapeLeft UIInterfaceOrientationLandscapeRight";
				LD_RUNPATH_SEARCH_PATHS = (
					"$(inherited)",
					"@executable_path/Frameworks",
				);
				MARKETING_VERSION = 1.0;
				PRODUCT_BUNDLE_IDENTIFIER = ms.CoinCap;
				PRODUCT_NAME = "$(TARGET_NAME)";
				SWIFT_EMIT_LOC_STRINGS = YES;
				SWIFT_VERSION = 5.0;
				TARGETED_DEVICE_FAMILY = "1,2";
			};
			name = Release;
		};
		4A4273602862401E00F77CCA /* Debug */ = {
			isa = XCBuildConfiguration;
			buildSettings = {
				ALWAYS_EMBED_SWIFT_STANDARD_LIBRARIES = YES;
				BUNDLE_LOADER = "$(TEST_HOST)";
				CODE_SIGN_STYLE = Automatic;
				CURRENT_PROJECT_VERSION = 1;
				GENERATE_INFOPLIST_FILE = YES;
				IPHONEOS_DEPLOYMENT_TARGET = 15.5;
				MARKETING_VERSION = 1.0;
				PRODUCT_BUNDLE_IDENTIFIER = ms.CoinCapTests;
				PRODUCT_NAME = "$(TARGET_NAME)";
				SWIFT_EMIT_LOC_STRINGS = NO;
				SWIFT_VERSION = 5.0;
				TARGETED_DEVICE_FAMILY = "1,2";
				TEST_HOST = "$(BUILT_PRODUCTS_DIR)/CoinCap.app/CoinCap";
			};
			name = Debug;
		};
		4A4273612862401E00F77CCA /* Release */ = {
			isa = XCBuildConfiguration;
			buildSettings = {
				ALWAYS_EMBED_SWIFT_STANDARD_LIBRARIES = YES;
				BUNDLE_LOADER = "$(TEST_HOST)";
				CODE_SIGN_STYLE = Automatic;
				CURRENT_PROJECT_VERSION = 1;
				GENERATE_INFOPLIST_FILE = YES;
				IPHONEOS_DEPLOYMENT_TARGET = 15.5;
				MARKETING_VERSION = 1.0;
				PRODUCT_BUNDLE_IDENTIFIER = ms.CoinCapTests;
				PRODUCT_NAME = "$(TARGET_NAME)";
				SWIFT_EMIT_LOC_STRINGS = NO;
				SWIFT_VERSION = 5.0;
				TARGETED_DEVICE_FAMILY = "1,2";
				TEST_HOST = "$(BUILT_PRODUCTS_DIR)/CoinCap.app/CoinCap";
			};
			name = Release;
		};
		4A4273632862401E00F77CCA /* Debug */ = {
			isa = XCBuildConfiguration;
			buildSettings = {
				ALWAYS_EMBED_SWIFT_STANDARD_LIBRARIES = YES;
				"CODE_SIGN_IDENTITY[sdk=macosx*]" = "Apple Development";
				CODE_SIGN_STYLE = Automatic;
				CURRENT_PROJECT_VERSION = 1;
				GENERATE_INFOPLIST_FILE = YES;
				MARKETING_VERSION = 1.0;
				PRODUCT_BUNDLE_IDENTIFIER = ms.CoinCapUITests;
				PRODUCT_NAME = "$(TARGET_NAME)";
				SWIFT_EMIT_LOC_STRINGS = NO;
				SWIFT_VERSION = 5.0;
				TARGETED_DEVICE_FAMILY = "1,2";
				TEST_TARGET_NAME = CoinCap;
			};
			name = Debug;
		};
		4A4273642862401E00F77CCA /* Release */ = {
			isa = XCBuildConfiguration;
			buildSettings = {
				ALWAYS_EMBED_SWIFT_STANDARD_LIBRARIES = YES;
				"CODE_SIGN_IDENTITY[sdk=macosx*]" = "Apple Development";
				CODE_SIGN_STYLE = Automatic;
				CURRENT_PROJECT_VERSION = 1;
				GENERATE_INFOPLIST_FILE = YES;
				MARKETING_VERSION = 1.0;
				PRODUCT_BUNDLE_IDENTIFIER = ms.CoinCapUITests;
				PRODUCT_NAME = "$(TARGET_NAME)";
				SWIFT_EMIT_LOC_STRINGS = NO;
				SWIFT_VERSION = 5.0;
				TARGETED_DEVICE_FAMILY = "1,2";
				TEST_TARGET_NAME = CoinCap;
			};
			name = Release;
		};
/* End XCBuildConfiguration section */

/* Begin XCConfigurationList section */
		4A42732D2862401D00F77CCA /* Build configuration list for PBXProject "CoinCap" */ = {
			isa = XCConfigurationList;
			buildConfigurations = (
				4A42735A2862401E00F77CCA /* Debug */,
				4A42735B2862401E00F77CCA /* Release */,
			);
			defaultConfigurationIsVisible = 0;
			defaultConfigurationName = Release;
		};
		4A42735C2862401E00F77CCA /* Build configuration list for PBXNativeTarget "CoinCap" */ = {
			isa = XCConfigurationList;
			buildConfigurations = (
				4A42735D2862401E00F77CCA /* Debug */,
				4A42735E2862401E00F77CCA /* Release */,
			);
			defaultConfigurationIsVisible = 0;
			defaultConfigurationName = Release;
		};
		4A42735F2862401E00F77CCA /* Build configuration list for PBXNativeTarget "CoinCapTests" */ = {
			isa = XCConfigurationList;
			buildConfigurations = (
				4A4273602862401E00F77CCA /* Debug */,
				4A4273612862401E00F77CCA /* Release */,
			);
			defaultConfigurationIsVisible = 0;
			defaultConfigurationName = Release;
		};
		4A4273622862401E00F77CCA /* Build configuration list for PBXNativeTarget "CoinCapUITests" */ = {
			isa = XCConfigurationList;
			buildConfigurations = (
				4A4273632862401E00F77CCA /* Debug */,
				4A4273642862401E00F77CCA /* Release */,
			);
			defaultConfigurationIsVisible = 0;
			defaultConfigurationName = Release;
		};
/* End XCConfigurationList section */
	};
	rootObject = 4A42732A2862401D00F77CCA /* Project object */;
}
